
Microsoft Visual Studio Solution File, Format Version 12.00
# Visual Studio 15
Project("{FAE04EC0-301F-11D3-BF4B-00C04F79EFBC}") = "NationalParksGoMainGame", "NationalParksGoMainGame.csproj", "{FDD20065-E159-25CA-31E7-4004DC414637}"
EndProject
Project("{FAE04EC0-301F-11D3-BF4B-00C04F79EFBC}") = "NationalParksGoMainGame.Editor", "NationalParksGoMainGame.Editor.csproj", "{455D2031-1FCD-E661-5258-6FBEFA365CD8}"
EndProject
Global
	GlobalSection(SolutionConfigurationPlatforms) = preSolution
		Debug|Any CPU = Debug|Any CPU
		Release|Any CPU = Release|Any CPU
	EndGlobalSection
	GlobalSection(ProjectConfigurationPlatforms) = postSolution
		{FDD20065-E159-25CA-31E7-4004DC414637}.Debug|Any CPU.ActiveCfg = Debug|Any CPU
		{FDD20065-E159-25CA-31E7-4004DC414637}.Debug|Any CPU.Build.0 = Debug|Any CPU
		{FDD20065-E159-25CA-31E7-4004DC414637}.Release|Any CPU.ActiveCfg = Release|Any CPU
		{FDD20065-E159-25CA-31E7-4004DC414637}.Release|Any CPU.Build.0 = Release|Any CPU
		{455D2031-1FCD-E661-5258-6FBEFA365CD8}.Debug|Any CPU.ActiveCfg = Debug|Any CPU
		{455D2031-1FCD-E661-5258-6FBEFA365CD8}.Debug|Any CPU.Build.0 = Debug|Any CPU
		{455D2031-1FCD-E661-5258-6FBEFA365CD8}.Release|Any CPU.ActiveCfg = Release|Any CPU
		{455D2031-1FCD-E661-5258-6FBEFA365CD8}.Release|Any CPU.Build.0 = Release|Any CPU
	EndGlobalSection
	GlobalSection(SolutionProperties) = preSolution
		HideSolutionNode = FALSE
	EndGlobalSection
EndGlobal
